github.com/gohugoio/hugo-mod-jslibs-dist/popperjs/v2 v2.21100.20000/go.mod h1:mFberT6ZtcchrsDtfvJM7aAH2bDKLdOnruUHl0hlapI=
github.com/twbs/bootstrap v5.1.3+incompatible/go.mod h1:fZTSrkpSf0/HkL0IIJzvVspTt1r9zuf7XlZau8kpcY0=
gitlab.com/writeonlyhugo/hugo-module-bootstrap v0.0.0-20220407142327-e0fc8a29af4c h1:gm8W2tV/lKe2GOlqupvxQhBpC7mk8NxK8jCGBKhbkvg=
gitlab.com/writeonlyhugo/hugo-module-bootstrap v0.0.0-20220407142327-e0fc8a29af4c/go.mod h1:MCXDsD1/DRSoC8sehcHzpCjnZ5DBJ0WxGBYAwzIjAmg=
