github.com/writeonlycode/writeonlyhugo v0.0.0-20230221093742-abb31bf66363 h1:BjCA8Ej0uFFcl3TaNFXHh71TAyXNYQXV4/rsW7FnNGY=
github.com/writeonlycode/writeonlyhugo v0.0.0-20230221093742-abb31bf66363/go.mod h1:1kbYDdbeInrouaBwxa9kFEGmNb7iFJp89KZn8CTE9Y8=
gitlab.com/writeonlyhugo/writeonlyhugo-theme v0.0.0-20220418173916-e43a385aaa70 h1:89XL4ro6xgmkJd4O/yFDQQWS1CDi+cHB8sfz/KQBwkQ=
gitlab.com/writeonlyhugo/writeonlyhugo-theme v0.0.0-20220418173916-e43a385aaa70/go.mod h1:P7/m68fTI7BiAlCizIQwngO7ldVYeMivAsRemcDFB8Q=
gitlab.com/writeonlyhugo/writeonlyhugo-theme v0.0.0-20220418174558-f1522f47e469 h1:JMrmXKFctYPbh3n+YKzQTuRWEeGfANw1cGMCWS7z1g4=
gitlab.com/writeonlyhugo/writeonlyhugo-theme v0.0.0-20220418174558-f1522f47e469/go.mod h1:P7/m68fTI7BiAlCizIQwngO7ldVYeMivAsRemcDFB8Q=
gitlab.com/writeonlyhugo/writeonlyhugo-theme v0.0.0-20220418175131-3781ec2936b9 h1:aSdEnpBuwGwnH8DqIXzZInd6EN3rO4On5TnDeFDbPNw=
gitlab.com/writeonlyhugo/writeonlyhugo-theme v0.0.0-20220418175131-3781ec2936b9/go.mod h1:P7/m68fTI7BiAlCizIQwngO7ldVYeMivAsRemcDFB8Q=
gitlab.com/writeonlyhugo/writeonlyhugo-theme v0.0.0-20220418175240-cbfd032c853c h1:zJscwIG4y4DM2cj1ZGG2Uu43lC3Dy77qF1MFwKV7560=
gitlab.com/writeonlyhugo/writeonlyhugo-theme v0.0.0-20220418175240-cbfd032c853c/go.mod h1:P7/m68fTI7BiAlCizIQwngO7ldVYeMivAsRemcDFB8Q=
